
Microsoft Visual Studio Solution File, Format Version 12.00
# Visual Studio Version 17
VisualStudioVersion = 17.3.32901.215
MinimumVisualStudioVersion = 10.0.40219.1
Project("{FAE04EC0-301F-11D3-BF4B-00C04F79EFBC}") = "PetroGM_Test", "PetroGM_Test.csproj", "{FA8CDEC9-6E12-4F25-A1C5-86A8730424BF}"
EndProject
Global
	GlobalSection(SolutionConfigurationPlatforms) = preSolution
		Debug|Any CPU = Debug|Any CPU
		Release|Any CPU = Release|Any CPU
	EndGlobalSection
	GlobalSection(ProjectConfigurationPlatforms) = postSolution
		{FA8CDEC9-6E12-4F25-A1C5-86A8730424BF}.Debug|Any CPU.ActiveCfg = Debug|Any CPU
		{FA8CDEC9-6E12-4F25-A1C5-86A8730424BF}.Debug|Any CPU.Build.0 = Debug|Any CPU
		{FA8CDEC9-6E12-4F25-A1C5-86A8730424BF}.Release|Any CPU.ActiveCfg = Release|Any CPU
		{FA8CDEC9-6E12-4F25-A1C5-86A8730424BF}.Release|Any CPU.Build.0 = Release|Any CPU
	EndGlobalSection
	GlobalSection(SolutionProperties) = preSolution
		HideSolutionNode = FALSE
	EndGlobalSection
	GlobalSection(ExtensibilityGlobals) = postSolution
		SolutionGuid = {6F7ED6F7-77C1-4D75-A623-8B584DFF75C5}
	EndGlobalSection
EndGlobal
